
Microsoft Visual Studio Solution File, Format Version 12.00
# Visual Studio Version 17
VisualStudioVersion = 17.7.34031.279
MinimumVisualStudioVersion = 10.0.40219.1
Project("{FAE04EC0-301F-11D3-BF4B-00C04F79EFBC}") = "Task_13v", "Task_13v\Task_13v.csproj", "{BEA61A9E-FE6F-427E-84A2-693ABF4213A5}"
EndProject
Project("{FAE04EC0-301F-11D3-BF4B-00C04F79EFBC}") = "CsvUtils", "CsvUtils\CsvUtils.csproj", "{7344B84E-6D73-4877-B3A6-AA55EBBE6486}"
EndProject
Global
	GlobalSection(SolutionConfigurationPlatforms) = preSolution
		Debug|Any CPU = Debug|Any CPU
		Release|Any CPU = Release|Any CPU
	EndGlobalSection
	GlobalSection(ProjectConfigurationPlatforms) = postSolution
		{BEA61A9E-FE6F-427E-84A2-693ABF4213A5}.Debug|Any CPU.ActiveCfg = Debug|Any CPU
		{BEA61A9E-FE6F-427E-84A2-693ABF4213A5}.Debug|Any CPU.Build.0 = Debug|Any CPU
		{BEA61A9E-FE6F-427E-84A2-693ABF4213A5}.Release|Any CPU.ActiveCfg = Release|Any CPU
		{BEA61A9E-FE6F-427E-84A2-693ABF4213A5}.Release|Any CPU.Build.0 = Release|Any CPU
		{7344B84E-6D73-4877-B3A6-AA55EBBE6486}.Debug|Any CPU.ActiveCfg = Debug|Any CPU
		{7344B84E-6D73-4877-B3A6-AA55EBBE6486}.Debug|Any CPU.Build.0 = Debug|Any CPU
		{7344B84E-6D73-4877-B3A6-AA55EBBE6486}.Release|Any CPU.ActiveCfg = Release|Any CPU
		{7344B84E-6D73-4877-B3A6-AA55EBBE6486}.Release|Any CPU.Build.0 = Release|Any CPU
	EndGlobalSection
	GlobalSection(SolutionProperties) = preSolution
		HideSolutionNode = FALSE
	EndGlobalSection
	GlobalSection(ExtensibilityGlobals) = postSolution
		SolutionGuid = {B20F2BA7-F4C1-4B1B-A81B-ABB63C6F67BE}
	EndGlobalSection
EndGlobal
